# Generated by buf. DO NOT EDIT.
version: v1
deps:
  - remote: buf.build
    owner: bufbuild
    repository: protovalidate
    commit: 435963d1631043e694e56e6bcc3c79c3
    digest: shake256:9635bc3d120c74eced6c39825775ec2a4319723666892529416589e4ee3da3c5f8fe5a19157de78230bee9038326af75e86ac1f453c51ca847912b137d52caa4
  - remote: buf.build
    owner: googleapis
    repository: googleapis
    commit: c17df5b2beca46928cc87d5656bd5343
    digest: shake256:c62ecead9b13485a02893cd678a6c81e40879bf00ea509bbc6fd8f1b2cc33eccf6a85c259b08d1e0f052f693cbfc7dfda236e9665b1d6869b8e1132a794a61e2
